
Microsoft Visual Studio Solution File, Format Version 12.00
# Visual Studio Version 16
VisualStudioVersion = 16.0.31025.194
MinimumVisualStudioVersion = 10.0.40219.1
Project("{FAE04EC0-301F-11D3-BF4B-00C04F79EFBC}") = "admin", "admin\admin.csproj", "{025F88DD-57FF-4A4F-94FE-375501AFBBF4}"
EndProject
Global
	GlobalSection(SolutionConfigurationPlatforms) = preSolution
		Debug|Any CPU = Debug|Any CPU
		Release|Any CPU = Release|Any CPU
	EndGlobalSection
	GlobalSection(ProjectConfigurationPlatforms) = postSolution
		{025F88DD-57FF-4A4F-94FE-375501AFBBF4}.Debug|Any CPU.ActiveCfg = Debug|Any CPU
		{025F88DD-57FF-4A4F-94FE-375501AFBBF4}.Debug|Any CPU.Build.0 = Debug|Any CPU
		{025F88DD-57FF-4A4F-94FE-375501AFBBF4}.Release|Any CPU.ActiveCfg = Release|Any CPU
		{025F88DD-57FF-4A4F-94FE-375501AFBBF4}.Release|Any CPU.Build.0 = Release|Any CPU
	EndGlobalSection
	GlobalSection(SolutionProperties) = preSolution
		HideSolutionNode = FALSE
	EndGlobalSection
	GlobalSection(ExtensibilityGlobals) = postSolution
		SolutionGuid = {129F9087-DF71-45B1-A4C9-313DE4430445}
	EndGlobalSection
EndGlobal
